Microsoft Visual Studio Solution File, Format Version 12.00
# Visual Studio Version 17
VisualStudioVersion = 17.5.2.0
MinimumVisualStudioVersion = 10.0.40219.1
Project("{FAE04EC0-301F-11D3-BF4B-00C04F79EFBC}") = "blog-api", "blog-api.csproj", "{926AC693-D293-7F93-B0BC-570EE26B268B}"
EndProject
Global
	GlobalSection(SolutionConfigurationPlatforms) = preSolution
		Debug|Any CPU = Debug|Any CPU
		Release|Any CPU = Release|Any CPU
	EndGlobalSection
	GlobalSection(ProjectConfigurationPlatforms) = postSolution
		{926AC693-D293-7F93-B0BC-570EE26B268B}.Debug|Any CPU.ActiveCfg = Debug|Any CPU
		{926AC693-D293-7F93-B0BC-570EE26B268B}.Debug|Any CPU.Build.0 = Debug|Any CPU
		{926AC693-D293-7F93-B0BC-570EE26B268B}.Release|Any CPU.ActiveCfg = Release|Any CPU
		{926AC693-D293-7F93-B0BC-570EE26B268B}.Release|Any CPU.Build.0 = Release|Any CPU
	EndGlobalSection
	GlobalSection(SolutionProperties) = preSolution
		HideSolutionNode = FALSE
	EndGlobalSection
	GlobalSection(ExtensibilityGlobals) = postSolution
		SolutionGuid = {44880643-1A70-4973-92BE-DC88E6285533}
	EndGlobalSection
EndGlobal
